
Microsoft Visual Studio Solution File, Format Version 12.00
# Visual Studio Version 16
VisualStudioVersion = 16.0.34031.81
MinimumVisualStudioVersion = 10.0.40219.1
Project("{2150E333-8FDC-42A3-9474-1A3956D46DE8}") = "Task0", "Task0", "{3EC936E3-EC8A-400B-B93B-DB4DB572522D}"
EndProject
Project("{FAE04EC0-301F-11D3-BF4B-00C04F79EFBC}") = "Tyuiu.GaleevTS.Sprint5.Task0.V9", "Tyuiu.GaleevTS.Sprint5.Task0.V9\Tyuiu.GaleevTS.Sprint5.Task0.V9.csproj", "{E84C42E7-DB56-4B74-B578-3D439DE960CF}"
EndProject
Project("{FAE04EC0-301F-11D3-BF4B-00C04F79EFBC}") = "Tyuiu.GaleevTS.Sprint5.Task0.V9.Lib", "Tyuiu.GaleevTS.Sprint5.Task0.V9.Lib\Tyuiu.GaleevTS.Sprint5.Task0.V9.Lib.csproj", "{79A65DF6-5C43-4D52-A389-7BEE176BB518}"
EndProject
Project("{FAE04EC0-301F-11D3-BF4B-00C04F79EFBC}") = "Tyuiu.GaleevTS.Sprint5.Task0.V9.Test", "Tyuiu.GaleevTS.Sprint5.Task0.V9.Test\Tyuiu.GaleevTS.Sprint5.Task0.V9.Test.csproj", "{C57EA9B6-164B-48E8-A265-2E09FEE67F09}"
EndProject
Project("{2150E333-8FDC-42A3-9474-1A3956D46DE8}") = "Task1", "Task1", "{54B31176-12C8-48C0-9041-119983E7D071}"
EndProject
Project("{FAE04EC0-301F-11D3-BF4B-00C04F79EFBC}") = "Tyuiu.GaleevTS.Sprint5.Task1.V4", "Tyuiu.GaleevTS.Sprint5.Task1.V4\Tyuiu.GaleevTS.Sprint5.Task1.V4.csproj", "{A60A6AB8-5073-4C21-A912-19BED863BD53}"
EndProject
Project("{FAE04EC0-301F-11D3-BF4B-00C04F79EFBC}") = "Tyuiu.GaleevTS.Sprint5.Task1.V4.Lib", "Tyuiu.GaleevTS.Sprint5.Task1.V4.Lib\Tyuiu.GaleevTS.Sprint5.Task1.V4.Lib.csproj", "{867135AD-543E-4408-8535-C91606624B68}"
EndProject
Project("{FAE04EC0-301F-11D3-BF4B-00C04F79EFBC}") = "Tyuiu.GaleevTS.Sprint5.Task1.V4.Test", "Tyuiu.GaleevTS.Sprint5.Task1.V4.Test\Tyuiu.GaleevTS.Sprint5.Task1.V4.Test.csproj", "{E1079345-5CA1-408E-BBC7-135A152774C6}"
EndProject
Project("{2150E333-8FDC-42A3-9474-1A3956D46DE8}") = "Task2", "Task2", "{FE00D7B7-66E0-432A-90F7-5E21A88C57A9}"
EndProject
Project("{FAE04EC0-301F-11D3-BF4B-00C04F79EFBC}") = "Tyuiu.GaleevTS.Sprint5.Task2.V17", "Tyuiu.GaleevTS.Sprint5.Task2.V17\Tyuiu.GaleevTS.Sprint5.Task2.V17.csproj", "{E1F9AA06-4933-4F28-9B9D-5791FB2B7312}"
EndProject
Project("{FAE04EC0-301F-11D3-BF4B-00C04F79EFBC}") = "Tyuiu.GaleevTS.Sprint5.Task2.V17.Lib", "Tyuiu.GaleevTS.Sprint5.Task2.V17.Lib\Tyuiu.GaleevTS.Sprint5.Task2.V17.Lib.csproj", "{2D8561FB-A1A3-4C7A-ABE5-AFCF51E13268}"
EndProject
Project("{FAE04EC0-301F-11D3-BF4B-00C04F79EFBC}") = "Tyuiu.GaleevTS.Sprint5.Task2.V17.Test", "Tyuiu.GaleevTS.Sprint5.Task2.V17.Test\Tyuiu.GaleevTS.Sprint5.Task2.V17.Test.csproj", "{A92DBC89-F017-41A7-BFE3-DC9F7A4389E4}"
EndProject
Project("{2150E333-8FDC-42A3-9474-1A3956D46DE8}") = "Task3", "Task3", "{D3726134-AA86-4DA8-894D-5B6245A5D482}"
EndProject
Project("{FAE04EC0-301F-11D3-BF4B-00C04F79EFBC}") = "Tyuiu.GaleevTS.Sprint5.Task3.V24", "Tyuiu.GaleevTS.Sprint5.Task3.V24\Tyuiu.GaleevTS.Sprint5.Task3.V24.csproj", "{90B4C0A5-7C76-4C5E-A6E7-788F4F4F3946}"
EndProject
Project("{FAE04EC0-301F-11D3-BF4B-00C04F79EFBC}") = "Tyuiu.GaleevTS.Sprint5.Task3.V24.Lib", "Tyuiu.GaleevTS.Sprint5.Task3.V24.Lib\Tyuiu.GaleevTS.Sprint5.Task3.V24.Lib.csproj", "{B35C2C3E-0A87-43CD-9E4E-6DB908719260}"
EndProject
Project("{FAE04EC0-301F-11D3-BF4B-00C04F79EFBC}") = "Tyuiu.GaleevTS.Sprint5.Task3.V24.Test", "Tyuiu.GaleevTS.Sprint5.Task3.V24.Test\Tyuiu.GaleevTS.Sprint5.Task3.V24.Test.csproj", "{B62157FB-865E-43F9-8AC2-A857993E2E3D}"
EndProject
Project("{2150E333-8FDC-42A3-9474-1A3956D46DE8}") = "Task4", "Task4", "{A256EADC-8E4D-4E26-A61D-FE475F7D00E6}"
EndProject
Project("{FAE04EC0-301F-11D3-BF4B-00C04F79EFBC}") = "Tyuiu.GaleevTS.Sprint5.Task4.V30", "Tyuiu.GaleevTS.Sprint5.Task4.V30\Tyuiu.GaleevTS.Sprint5.Task4.V30.csproj", "{4E324667-FFD7-4003-B151-27FACC6A8EB4}"
EndProject
Project("{FAE04EC0-301F-11D3-BF4B-00C04F79EFBC}") = "Tyuiu.GaleevTS.Sprint5.Task4.V30.Lib", "Tyuiu.GaleevTS.Sprint5.Task4.V30.Lib\Tyuiu.GaleevTS.Sprint5.Task4.V30.Lib.csproj", "{895C85B4-6FAF-4983-8140-D3F1220FF8F6}"
EndProject
Project("{FAE04EC0-301F-11D3-BF4B-00C04F79EFBC}") = "Tyuiu.GaleevTS.Sprint5.Task4.V30.Test", "Tyuiu.GaleevTS.Sprint5.Task4.V30.Test\Tyuiu.GaleevTS.Sprint5.Task4.V30.Test.csproj", "{47E0A246-4111-472E-9645-EF325AD15428}"
EndProject
Project("{2150E333-8FDC-42A3-9474-1A3956D46DE8}") = "Task5", "Task5", "{38416C76-5DDD-4A3C-929B-41BD08F65715}"
EndProject
Project("{FAE04EC0-301F-11D3-BF4B-00C04F79EFBC}") = "Tyuiu.GaleevTS.Sprint5.Task5.V20", "Tyuiu.GaleevTS.Sprint5.Task5.V20\Tyuiu.GaleevTS.Sprint5.Task5.V20.csproj", "{0CB72817-9306-496E-B0A9-9B38631B7080}"
EndProject
Project("{FAE04EC0-301F-11D3-BF4B-00C04F79EFBC}") = "Tyuiu.GaleevTS.Sprint5.Task5.V20.Lib", "Tyuiu.GaleevTS.Sprint5.Task5.V20.Lib\Tyuiu.GaleevTS.Sprint5.Task5.V20.Lib.csproj", "{263AAA1A-B8C0-4473-9709-F875956865DC}"
EndProject
Project("{FAE04EC0-301F-11D3-BF4B-00C04F79EFBC}") = "Tyuiu.GaleevTS.Sprint5.Task5.V20.Test", "Tyuiu.GaleevTS.Sprint5.Task5.V20.Test\Tyuiu.GaleevTS.Sprint5.Task5.V20.Test.csproj", "{22FAD59B-C275-4648-8964-9CF81CD5CBDC}"
EndProject
Project("{2150E333-8FDC-42A3-9474-1A3956D46DE8}") = "Task6", "Task6", "{B1CAC7BF-49F2-485D-B28B-685C119E3ED7}"
EndProject
Project("{FAE04EC0-301F-11D3-BF4B-00C04F79EFBC}") = "Tyuiu.GaleevTS.Sprint5.Task6.V20", "Tyuiu.GaleevTS.Sprint5.Task6.V20\Tyuiu.GaleevTS.Sprint5.Task6.V20.csproj", "{4C35467D-3FA6-4A28-A613-4D12A9FAB966}"
EndProject
Project("{FAE04EC0-301F-11D3-BF4B-00C04F79EFBC}") = "Tyuiu.GaleevTS.Sprint5.Task6.V20.Lib", "Tyuiu.GaleevTS.Sprint5.Task6.V20.Lib\Tyuiu.GaleevTS.Sprint5.Task6.V20.Lib.csproj", "{BD72AB9D-956B-4635-B1BC-564D1272300B}"
EndProject
Project("{FAE04EC0-301F-11D3-BF4B-00C04F79EFBC}") = "Tyuiu.GaleevTS.Sprint5.Task6.V20.Test", "Tyuiu.GaleevTS.Sprint5.Task6.V20.Test\Tyuiu.GaleevTS.Sprint5.Task6.V20.Test.csproj", "{C1F20931-8F23-434E-B90D-789D609D09A6}"
EndProject
Project("{2150E333-8FDC-42A3-9474-1A3956D46DE8}") = "Task7", "Task7", "{FA75565A-C32D-457E-9E69-5E018D098B28}"
EndProject
Project("{FAE04EC0-301F-11D3-BF4B-00C04F79EFBC}") = "Tyuiu.GaleevTS.Sprint5.Task7.V30", "Tyuiu.GaleevTS.Sprint5.Task7.V30\Tyuiu.GaleevTS.Sprint5.Task7.V30.csproj", "{F7B78F4B-02D9-44B0-926B-5093CDAC4FBE}"
EndProject
Project("{FAE04EC0-301F-11D3-BF4B-00C04F79EFBC}") = "Tyuiu.GaleevTS.Sprint5.Task7.V30.Lib", "Tyuiu.GaleevTS.Sprint5.Task7.V30.Lib\Tyuiu.GaleevTS.Sprint5.Task7.V30.Lib.csproj", "{3E4C5282-64F4-4A10-A2BA-9F20E2970410}"
EndProject
Project("{FAE04EC0-301F-11D3-BF4B-00C04F79EFBC}") = "Tyuiu.GaleevTS.Sprint5.Task7.V30.Test", "Tyuiu.GaleevTS.Sprint5.Task7.V30.Test\Tyuiu.GaleevTS.Sprint5.Task7.V30.Test.csproj", "{ABDB841F-22A7-44E7-B321-0CA67FF6AD10}"
EndProject
Global
	GlobalSection(SolutionConfigurationPlatforms) = preSolution
		Debug|Any CPU = Debug|Any CPU
		Release|Any CPU = Release|Any CPU
	EndGlobalSection
	GlobalSection(ProjectConfigurationPlatforms) = postSolution
		{E84C42E7-DB56-4B74-B578-3D439DE960CF}.Debug|Any CPU.ActiveCfg = Debug|Any CPU
		{E84C42E7-DB56-4B74-B578-3D439DE960CF}.Debug|Any CPU.Build.0 = Debug|Any CPU
		{E84C42E7-DB56-4B74-B578-3D439DE960CF}.Release|Any CPU.ActiveCfg = Release|Any CPU
		{E84C42E7-DB56-4B74-B578-3D439DE960CF}.Release|Any CPU.Build.0 = Release|Any CPU
		{79A65DF6-5C43-4D52-A389-7BEE176BB518}.Debug|Any CPU.ActiveCfg = Debug|Any CPU
		{79A65DF6-5C43-4D52-A389-7BEE176BB518}.Debug|Any CPU.Build.0 = Debug|Any CPU
		{79A65DF6-5C43-4D52-A389-7BEE176BB518}.Release|Any CPU.ActiveCfg = Release|Any CPU
		{79A65DF6-5C43-4D52-A389-7BEE176BB518}.Release|Any CPU.Build.0 = Release|Any CPU
		{C57EA9B6-164B-48E8-A265-2E09FEE67F09}.Debug|Any CPU.ActiveCfg = Debug|Any CPU
		{C57EA9B6-164B-48E8-A265-2E09FEE67F09}.Debug|Any CPU.Build.0 = Debug|Any CPU
		{C57EA9B6-164B-48E8-A265-2E09FEE67F09}.Release|Any CPU.ActiveCfg = Release|Any CPU
		{C57EA9B6-164B-48E8-A265-2E09FEE67F09}.Release|Any CPU.Build.0 = Release|Any CPU
		{A60A6AB8-5073-4C21-A912-19BED863BD53}.Debug|Any CPU.ActiveCfg = Debug|Any CPU
		{A60A6AB8-5073-4C21-A912-19BED863BD53}.Debug|Any CPU.Build.0 = Debug|Any CPU
		{A60A6AB8-5073-4C21-A912-19BED863BD53}.Release|Any CPU.ActiveCfg = Release|Any CPU
		{A60A6AB8-5073-4C21-A912-19BED863BD53}.Release|Any CPU.Build.0 = Release|Any CPU
		{867135AD-543E-4408-8535-C91606624B68}.Debug|Any CPU.ActiveCfg = Debug|Any CPU
		{867135AD-543E-4408-8535-C91606624B68}.Debug|Any CPU.Build.0 = Debug|Any CPU
		{867135AD-543E-4408-8535-C91606624B68}.Release|Any CPU.ActiveCfg = Release|Any CPU
		{867135AD-543E-4408-8535-C91606624B68}.Release|Any CPU.Build.0 = Release|Any CPU
		{E1079345-5CA1-408E-BBC7-135A152774C6}.Debug|Any CPU.ActiveCfg = Debug|Any CPU
		{E1079345-5CA1-408E-BBC7-135A152774C6}.Debug|Any CPU.Build.0 = Debug|Any CPU
		{E1079345-5CA1-408E-BBC7-135A152774C6}.Release|Any CPU.ActiveCfg = Release|Any CPU
		{E1079345-5CA1-408E-BBC7-135A152774C6}.Release|Any CPU.Build.0 = Release|Any CPU
		{E1F9AA06-4933-4F28-9B9D-5791FB2B7312}.Debug|Any CPU.ActiveCfg = Debug|Any CPU
		{E1F9AA06-4933-4F28-9B9D-5791FB2B7312}.Debug|Any CPU.Build.0 = Debug|Any CPU
		{E1F9AA06-4933-4F28-9B9D-5791FB2B7312}.Release|Any CPU.ActiveCfg = Release|Any CPU
		{E1F9AA06-4933-4F28-9B9D-5791FB2B7312}.Release|Any CPU.Build.0 = Release|Any CPU
		{2D8561FB-A1A3-4C7A-ABE5-AFCF51E13268}.Debug|Any CPU.ActiveCfg = Debug|Any CPU
		{2D8561FB-A1A3-4C7A-ABE5-AFCF51E13268}.Debug|Any CPU.Build.0 = Debug|Any CPU
		{2D8561FB-A1A3-4C7A-ABE5-AFCF51E13268}.Release|Any CPU.ActiveCfg = Release|Any CPU
		{2D8561FB-A1A3-4C7A-ABE5-AFCF51E13268}.Release|Any CPU.Build.0 = Release|Any CPU
		{A92DBC89-F017-41A7-BFE3-DC9F7A4389E4}.Debug|Any CPU.ActiveCfg = Debug|Any CPU
		{A92DBC89-F017-41A7-BFE3-DC9F7A4389E4}.Debug|Any CPU.Build.0 = Debug|Any CPU
		{A92DBC89-F017-41A7-BFE3-DC9F7A4389E4}.Release|Any CPU.ActiveCfg = Release|Any CPU
		{A92DBC89-F017-41A7-BFE3-DC9F7A4389E4}.Release|Any CPU.Build.0 = Release|Any CPU
		{90B4C0A5-7C76-4C5E-A6E7-788F4F4F3946}.Debug|Any CPU.ActiveCfg = Debug|Any CPU
		{90B4C0A5-7C76-4C5E-A6E7-788F4F4F3946}.Debug|Any CPU.Build.0 = Debug|Any CPU
		{90B4C0A5-7C76-4C5E-A6E7-788F4F4F3946}.Release|Any CPU.ActiveCfg = Release|Any CPU
		{90B4C0A5-7C76-4C5E-A6E7-788F4F4F3946}.Release|Any CPU.Build.0 = Release|Any CPU
		{B35C2C3E-0A87-43CD-9E4E-6DB908719260}.Debug|Any CPU.ActiveCfg = Debug|Any CPU
		{B35C2C3E-0A87-43CD-9E4E-6DB908719260}.Debug|Any CPU.Build.0 = Debug|Any CPU
		{B35C2C3E-0A87-43CD-9E4E-6DB908719260}.Release|Any CPU.ActiveCfg = Release|Any CPU
		{B35C2C3E-0A87-43CD-9E4E-6DB908719260}.Release|Any CPU.Build.0 = Release|Any CPU
		{B62157FB-865E-43F9-8AC2-A857993E2E3D}.Debug|Any CPU.ActiveCfg = Debug|Any CPU
		{B62157FB-865E-43F9-8AC2-A857993E2E3D}.Debug|Any CPU.Build.0 = Debug|Any CPU
		{B62157FB-865E-43F9-8AC2-A857993E2E3D}.Release|Any CPU.ActiveCfg = Release|Any CPU
		{B62157FB-865E-43F9-8AC2-A857993E2E3D}.Release|Any CPU.Build.0 = Release|Any CPU
		{4E324667-FFD7-4003-B151-27FACC6A8EB4}.Debug|Any CPU.ActiveCfg = Debug|Any CPU
		{4E324667-FFD7-4003-B151-27FACC6A8EB4}.Debug|Any CPU.Build.0 = Debug|Any CPU
		{4E324667-FFD7-4003-B151-27FACC6A8EB4}.Release|Any CPU.ActiveCfg = Release|Any CPU
		{4E324667-FFD7-4003-B151-27FACC6A8EB4}.Release|Any CPU.Build.0 = Release|Any CPU
		{895C85B4-6FAF-4983-8140-D3F1220FF8F6}.Debug|Any CPU.ActiveCfg = Debug|Any CPU
		{895C85B4-6FAF-4983-8140-D3F1220FF8F6}.Debug|Any CPU.Build.0 = Debug|Any CPU
		{895C85B4-6FAF-4983-8140-D3F1220FF8F6}.Release|Any CPU.ActiveCfg = Release|Any CPU
		{895C85B4-6FAF-4983-8140-D3F1220FF8F6}.Release|Any CPU.Build.0 = Release|Any CPU
		{47E0A246-4111-472E-9645-EF325AD15428}.Debug|Any CPU.ActiveCfg = Debug|Any CPU
		{47E0A246-4111-472E-9645-EF325AD15428}.Debug|Any CPU.Build.0 = Debug|Any CPU
		{47E0A246-4111-472E-9645-EF325AD15428}.Release|Any CPU.ActiveCfg = Release|Any CPU
		{47E0A246-4111-472E-9645-EF325AD15428}.Release|Any CPU.Build.0 = Release|Any CPU
		{0CB72817-9306-496E-B0A9-9B38631B7080}.Debug|Any CPU.ActiveCfg = Debug|Any CPU
		{0CB72817-9306-496E-B0A9-9B38631B7080}.Debug|Any CPU.Build.0 = Debug|Any CPU
		{0CB72817-9306-496E-B0A9-9B38631B7080}.Release|Any CPU.ActiveCfg = Release|Any CPU
		{0CB72817-9306-496E-B0A9-9B38631B7080}.Release|Any CPU.Build.0 = Release|Any CPU
		{263AAA1A-B8C0-4473-9709-F875956865DC}.Debug|Any CPU.ActiveCfg = Debug|Any CPU
		{263AAA1A-B8C0-4473-9709-F875956865DC}.Debug|Any CPU.Build.0 = Debug|Any CPU
		{263AAA1A-B8C0-4473-9709-F875956865DC}.Release|Any CPU.ActiveCfg = Release|Any CPU
		{263AAA1A-B8C0-4473-9709-F875956865DC}.Release|Any CPU.Build.0 = Release|Any CPU
		{22FAD59B-C275-4648-8964-9CF81CD5CBDC}.Debug|Any CPU.ActiveCfg = Debug|Any CPU
		{22FAD59B-C275-4648-8964-9CF81CD5CBDC}.Debug|Any CPU.Build.0 = Debug|Any CPU
		{22FAD59B-C275-4648-8964-9CF81CD5CBDC}.Release|Any CPU.ActiveCfg = Release|Any CPU
		{22FAD59B-C275-4648-8964-9CF81CD5CBDC}.Release|Any CPU.Build.0 = Release|Any CPU
		{4C35467D-3FA6-4A28-A613-4D12A9FAB966}.Debug|Any CPU.ActiveCfg = Debug|Any CPU
		{4C35467D-3FA6-4A28-A613-4D12A9FAB966}.Debug|Any CPU.Build.0 = Debug|Any CPU
		{4C35467D-3FA6-4A28-A613-4D12A9FAB966}.Release|Any CPU.ActiveCfg = Release|Any CPU
		{4C35467D-3FA6-4A28-A613-4D12A9FAB966}.Release|Any CPU.Build.0 = Release|Any CPU
		{BD72AB9D-956B-4635-B1BC-564D1272300B}.Debug|Any CPU.ActiveCfg = Debug|Any CPU
		{BD72AB9D-956B-4635-B1BC-564D1272300B}.Debug|Any CPU.Build.0 = Debug|Any CPU
		{BD72AB9D-956B-4635-B1BC-564D1272300B}.Release|Any CPU.ActiveCfg = Release|Any CPU
		{BD72AB9D-956B-4635-B1BC-564D1272300B}.Release|Any CPU.Build.0 = Release|Any CPU
		{C1F20931-8F23-434E-B90D-789D609D09A6}.Debug|Any CPU.ActiveCfg = Debug|Any CPU
		{C1F20931-8F23-434E-B90D-789D609D09A6}.Debug|Any CPU.Build.0 = Debug|Any CPU
		{C1F20931-8F23-434E-B90D-789D609D09A6}.Release|Any CPU.ActiveCfg = Release|Any CPU
		{C1F20931-8F23-434E-B90D-789D609D09A6}.Release|Any CPU.Build.0 = Release|Any CPU
		{F7B78F4B-02D9-44B0-926B-5093CDAC4FBE}.Debug|Any CPU.ActiveCfg = Debug|Any CPU
		{F7B78F4B-02D9-44B0-926B-5093CDAC4FBE}.Debug|Any CPU.Build.0 = Debug|Any CPU
		{F7B78F4B-02D9-44B0-926B-5093CDAC4FBE}.Release|Any CPU.ActiveCfg = Release|Any CPU
		{F7B78F4B-02D9-44B0-926B-5093CDAC4FBE}.Release|Any CPU.Build.0 = Release|Any CPU
		{3E4C5282-64F4-4A10-A2BA-9F20E2970410}.Debug|Any CPU.ActiveCfg = Debug|Any CPU
		{3E4C5282-64F4-4A10-A2BA-9F20E2970410}.Debug|Any CPU.Build.0 = Debug|Any CPU
		{3E4C5282-64F4-4A10-A2BA-9F20E2970410}.Release|Any CPU.ActiveCfg = Release|Any CPU
		{3E4C5282-64F4-4A10-A2BA-9F20E2970410}.Release|Any CPU.Build.0 = Release|Any CPU
		{ABDB841F-22A7-44E7-B321-0CA67FF6AD10}.Debug|Any CPU.ActiveCfg = Debug|Any CPU
		{ABDB841F-22A7-44E7-B321-0CA67FF6AD10}.Debug|Any CPU.Build.0 = Debug|Any CPU
		{ABDB841F-22A7-44E7-B321-0CA67FF6AD10}.Release|Any CPU.ActiveCfg = Release|Any CPU
		{ABDB841F-22A7-44E7-B321-0CA67FF6AD10}.Release|Any CPU.Build.0 = Release|Any CPU
	EndGlobalSection
	GlobalSection(SolutionProperties) = preSolution
		HideSolutionNode = FALSE
	EndGlobalSection
	GlobalSection(NestedProjects) = preSolution
		{E84C42E7-DB56-4B74-B578-3D439DE960CF} = {3EC936E3-EC8A-400B-B93B-DB4DB572522D}
		{79A65DF6-5C43-4D52-A389-7BEE176BB518} = {3EC936E3-EC8A-400B-B93B-DB4DB572522D}
		{C57EA9B6-164B-48E8-A265-2E09FEE67F09} = {3EC936E3-EC8A-400B-B93B-DB4DB572522D}
		{A60A6AB8-5073-4C21-A912-19BED863BD53} = {54B31176-12C8-48C0-9041-119983E7D071}
		{867135AD-543E-4408-8535-C91606624B68} = {54B31176-12C8-48C0-9041-119983E7D071}
		{E1079345-5CA1-408E-BBC7-135A152774C6} = {54B31176-12C8-48C0-9041-119983E7D071}
		{E1F9AA06-4933-4F28-9B9D-5791FB2B7312} = {FE00D7B7-66E0-432A-90F7-5E21A88C57A9}
		{2D8561FB-A1A3-4C7A-ABE5-AFCF51E13268} = {FE00D7B7-66E0-432A-90F7-5E21A88C57A9}
		{A92DBC89-F017-41A7-BFE3-DC9F7A4389E4} = {FE00D7B7-66E0-432A-90F7-5E21A88C57A9}
		{90B4C0A5-7C76-4C5E-A6E7-788F4F4F3946} = {D3726134-AA86-4DA8-894D-5B6245A5D482}
		{B35C2C3E-0A87-43CD-9E4E-6DB908719260} = {D3726134-AA86-4DA8-894D-5B6245A5D482}
		{B62157FB-865E-43F9-8AC2-A857993E2E3D} = {D3726134-AA86-4DA8-894D-5B6245A5D482}
		{4E324667-FFD7-4003-B151-27FACC6A8EB4} = {A256EADC-8E4D-4E26-A61D-FE475F7D00E6}
		{895C85B4-6FAF-4983-8140-D3F1220FF8F6} = {A256EADC-8E4D-4E26-A61D-FE475F7D00E6}
		{47E0A246-4111-472E-9645-EF325AD15428} = {A256EADC-8E4D-4E26-A61D-FE475F7D00E6}
		{0CB72817-9306-496E-B0A9-9B38631B7080} = {38416C76-5DDD-4A3C-929B-41BD08F65715}
		{263AAA1A-B8C0-4473-9709-F875956865DC} = {38416C76-5DDD-4A3C-929B-41BD08F65715}
		{22FAD59B-C275-4648-8964-9CF81CD5CBDC} = {38416C76-5DDD-4A3C-929B-41BD08F65715}
		{4C35467D-3FA6-4A28-A613-4D12A9FAB966} = {B1CAC7BF-49F2-485D-B28B-685C119E3ED7}
		{BD72AB9D-956B-4635-B1BC-564D1272300B} = {B1CAC7BF-49F2-485D-B28B-685C119E3ED7}
		{C1F20931-8F23-434E-B90D-789D609D09A6} = {B1CAC7BF-49F2-485D-B28B-685C119E3ED7}
		{F7B78F4B-02D9-44B0-926B-5093CDAC4FBE} = {FA75565A-C32D-457E-9E69-5E018D098B28}
		{3E4C5282-64F4-4A10-A2BA-9F20E2970410} = {FA75565A-C32D-457E-9E69-5E018D098B28}
		{ABDB841F-22A7-44E7-B321-0CA67FF6AD10} = {FA75565A-C32D-457E-9E69-5E018D098B28}
	EndGlobalSection
	GlobalSection(ExtensibilityGlobals) = postSolution
		SolutionGuid = {1662ECB9-63FD-4713-AFCB-EE30EF25BFA5}
	EndGlobalSection
EndGlobal
